# Generated by pub
# See https://dart.dev/tools/pub/glossary#lockfile
packages:
  characters:
    dependency: transitive
    description:
      name: characters
      sha256: faf38497bda5ead2a8c7615f4f7939df04333478bf32e4173fcb06d428b5716b
      url: "https://pub.dev"
    source: hosted
    version: "1.4.1"
  collection:
    dependency: transitive
    description:
      name: collection
      sha256: "2f5709ae4d3d59dd8f7cd309b4e023046b57d8a6c82130785d2b0e5868084e76"
      url: "https://pub.dev"
    source: hosted
    version: "1.19.1"
  flutter:
    dependency: "direct main"
    description: flutter
    source: sdk
    version: "0.0.0"
  json_annotation:
    dependency: transitive
    description:
      name: json_annotation
      sha256: cb09e7dac6210041fad964ed7fbee004f14258b4eca4040f72d1234062ace4c8
      url: "https://pub.dev"
    source: hosted
    version: "4.11.0"
  material_color_utilities:
    dependency: transitive
    description:
      name: material_color_utilities
      sha256: "9c337007e82b1889149c82ed242ed1cb24a66044e30979c44912381e9be4c48b"
      url: "https://pub.dev"
    source: hosted
    version: "0.13.0"
  meta:
    dependency: transitive
    description:
      name: meta
      sha256: "23f08335362185a5ea2ad3a4e597f1375e78bce8a040df5c600c8d3552ef2394"
      url: "https://pub.dev"
    source: hosted
    version: "1.17.0"
  path:
    dependency: transitive
    description:
      name: path
      sha256: "75cca69d1490965be98c73ceaea117e8a04dd21217b37b292c9ddbec0d955bc5"
      url: "https://pub.dev"
    source: hosted
    version: "1.9.1"
  plugin_platform_interface:
    dependency: transitive
    description:
      name: plugin_platform_interface
      sha256: "4820fbfdb9478b1ebae27888254d445073732dae3d6ea81f0b7e06d5dedc3f02"
      url: "https://pub.dev"
    source: hosted
    version: "2.1.8"
  screen_retriever:
    dependency: "direct main"
    description:
      name: screen_retriever
      sha256: "570dbc8e4f70bac451e0efc9c9bb19fa2d6799a11e6ef04f946d7886d2e23d0c"
      url: "https://pub.dev"
    source: hosted
    version: "0.2.0"
  screen_retriever_linux:
    dependency: transitive
    description:
      name: screen_retriever_linux
      sha256: f7f8120c92ef0784e58491ab664d01efda79a922b025ff286e29aa123ea3dd18
      url: "https://pub.dev"
    source: hosted
    version: "0.2.0"
  screen_retriever_macos:
    dependency: transitive
    description:
      name: screen_retriever_macos
      sha256: "71f956e65c97315dd661d71f828708bd97b6d358e776f1a30d5aa7d22d78a149"
      url: "https://pub.dev"
    source: hosted
    version: "0.2.0"
  screen_retriever_platform_interface:
    dependency: transitive
    description:
      name: screen_retriever_platform_interface
      sha256: ee197f4581ff0d5608587819af40490748e1e39e648d7680ecf95c05197240c0
      url: "https://pub.dev"
    source: hosted
    version: "0.2.0"
  screen_retriever_windows:
    dependency: transitive
    description:
      name: screen_retriever_windows
      sha256: "449ee257f03ca98a57288ee526a301a430a344a161f9202b4fcc38576716fe13"
      url: "https://pub.dev"
    source: hosted
    version: "0.2.0"
  sky_engine:
    dependency: transitive
    description: flutter
    source: sdk
    version: "0.0.0"
  vector_math:
    dependency: transitive
    description:
      name: vector_math
      sha256: d530bd74fea330e6e364cda7a85019c434070188383e1cd8d9777ee586914c5b
      url: "https://pub.dev"
    source: hosted
    version: "2.2.0"
  window_manager:
    dependency: "direct main"
    description:
      name: window_manager
      sha256: "7eb6d6c4164ec08e1bf978d6e733f3cebe792e2a23fb07cbca25c2872bfdbdcd"
      url: "https://pub.dev"
    source: hosted
    version: "0.5.1"
sdks:
  dart: ">=3.9.0 <4.0.0"
  flutter: ">=3.10.0"
